
Microsoft Visual Studio Solution File, Format Version 12.00
# Visual Studio Version 17
VisualStudioVersion = 17.10.34928.147
MinimumVisualStudioVersion = 10.0.40219.1
Project("{FAE04EC0-301F-11D3-BF4B-00C04F79EFBC}") = "ToDoManagement", "ToDoManagement\ToDoManagement.csproj", "{827F8F91-1D59-4CCE-B764-7D0A9755FB85}"
EndProject
Project("{FAE04EC0-301F-11D3-BF4B-00C04F79EFBC}") = "TodoManagement.Communications", "TodoManagement.Communications\TodoManagement.Communications.csproj", "{84507E48-D63A-485E-A520-669F17AD3321}"
EndProject
Project("{FAE04EC0-301F-11D3-BF4B-00C04F79EFBC}") = "ToDoManagement.Application", "ToDoManagement.Application\ToDoManagement.Application.csproj", "{C94D17B1-B393-48BB-B8C4-1E36E574D72F}"
EndProject
Global
	GlobalSection(SolutionConfigurationPlatforms) = preSolution
		Debug|Any CPU = Debug|Any CPU
		Release|Any CPU = Release|Any CPU
	EndGlobalSection
	GlobalSection(ProjectConfigurationPlatforms) = postSolution
		{827F8F91-1D59-4CCE-B764-7D0A9755FB85}.Debug|Any CPU.ActiveCfg = Debug|Any CPU
		{827F8F91-1D59-4CCE-B764-7D0A9755FB85}.Debug|Any CPU.Build.0 = Debug|Any CPU
		{827F8F91-1D59-4CCE-B764-7D0A9755FB85}.Release|Any CPU.ActiveCfg = Release|Any CPU
		{827F8F91-1D59-4CCE-B764-7D0A9755FB85}.Release|Any CPU.Build.0 = Release|Any CPU
		{84507E48-D63A-485E-A520-669F17AD3321}.Debug|Any CPU.ActiveCfg = Debug|Any CPU
		{84507E48-D63A-485E-A520-669F17AD3321}.Debug|Any CPU.Build.0 = Debug|Any CPU
		{84507E48-D63A-485E-A520-669F17AD3321}.Release|Any CPU.ActiveCfg = Release|Any CPU
		{84507E48-D63A-485E-A520-669F17AD3321}.Release|Any CPU.Build.0 = Release|Any CPU
		{C94D17B1-B393-48BB-B8C4-1E36E574D72F}.Debug|Any CPU.ActiveCfg = Debug|Any CPU
		{C94D17B1-B393-48BB-B8C4-1E36E574D72F}.Debug|Any CPU.Build.0 = Debug|Any CPU
		{C94D17B1-B393-48BB-B8C4-1E36E574D72F}.Release|Any CPU.ActiveCfg = Release|Any CPU
		{C94D17B1-B393-48BB-B8C4-1E36E574D72F}.Release|Any CPU.Build.0 = Release|Any CPU
	EndGlobalSection
	GlobalSection(SolutionProperties) = preSolution
		HideSolutionNode = FALSE
	EndGlobalSection
	GlobalSection(ExtensibilityGlobals) = postSolution
		SolutionGuid = {53C68BA7-F7F9-44C1-A5B9-69C01C84D998}
	EndGlobalSection
EndGlobal
